
Microsoft Visual Studio Solution File, Format Version 12.00
# Visual Studio 15
VisualStudioVersion = 15.0.27703.2018
MinimumVisualStudioVersion = 10.0.40219.1
Project("{888888A0-9F3D-457C-B088-3A5042F75D52}") = "MarketBook", "MarketBook\MarketBook.pyproj", "{78862B2E-8D22-4145-898C-A1C914337A30}"
EndProject
Global
	GlobalSection(SolutionConfigurationPlatforms) = preSolution
		Debug|Any CPU = Debug|Any CPU
		Release|Any CPU = Release|Any CPU
	EndGlobalSection
	GlobalSection(ProjectConfigurationPlatforms) = postSolution
		{78862B2E-8D22-4145-898C-A1C914337A30}.Debug|Any CPU.ActiveCfg = Debug|Any CPU
		{78862B2E-8D22-4145-898C-A1C914337A30}.Release|Any CPU.ActiveCfg = Release|Any CPU
	EndGlobalSection
	GlobalSection(SolutionProperties) = preSolution
		HideSolutionNode = FALSE
	EndGlobalSection
	GlobalSection(ExtensibilityGlobals) = postSolution
		SolutionGuid = {024751A6-1E43-436D-9428-5AF0088E8894}
	EndGlobalSection
EndGlobal
